{
  "name": "npm-test-demo-first",
  "version": "1.0.1",
  "lockfileVersion": 2,
  "requires": true,
  "packages": {
    "": {
      "name": "npm-test-demo-first",
      "version": "1.0.1",
      "license": "ISC",
      "dependencies": {
        "lodash": "^4.17.21",
        "npm-test-demo-inner": "^1.0.2"
      }
    },
    "node_modules/lodash": {
      "version": "4.17.21",
      "resolved": "https://registry.npmjs.org/lodash/-/lodash-4.17.21.tgz",
      "integrity": "sha512-v2kDEe57lecTulaDIuNTPy3Ry4gLGJ6Z1O3vE1krgXZNrsQ+LFTGHVxVjcXPs17LhbZVGedAJv8XZ1tvj5FvSg=="
    },
    "node_modules/npm-test-demo-inner": {
      "version": "1.0.2",
      "resolved": "https://registry.npmjs.org/npm-test-demo-inner/-/npm-test-demo-inner-1.0.2.tgz",
      "integrity": "sha512-qVxhscexrPl17q3QOPGirC3EaxVc271oE1bAkuLZPExiwv+ZANoqPe4FtXnqXrSP+O/94+yHTNvhCkMwlqcGBQ==",
      "bin": {
        "inner-add": "bin/index.js"
      }
    }
  },
  "dependencies": {
    "lodash": {
      "version": "4.17.21",
      "resolved": "https://registry.npmjs.org/lodash/-/lodash-4.17.21.tgz",
      "integrity": "sha512-v2kDEe57lecTulaDIuNTPy3Ry4gLGJ6Z1O3vE1krgXZNrsQ+LFTGHVxVjcXPs17LhbZVGedAJv8XZ1tvj5FvSg=="
    },
    "npm-test-demo-inner": {
      "version": "1.0.2",
      "resolved": "https://registry.npmjs.org/npm-test-demo-inner/-/npm-test-demo-inner-1.0.2.tgz",
      "integrity": "sha512-qVxhscexrPl17q3QOPGirC3EaxVc271oE1bAkuLZPExiwv+ZANoqPe4FtXnqXrSP+O/94+yHTNvhCkMwlqcGBQ=="
    }
  }
}
